lockfileVersion: '9.0'

settings:
  autoInstallPeers: true
  excludeLinksFromLockfile: false

importers:

  .:
    dependencies:
      '@bokuweb/zstd-wasm':
        specifier: ^0.0.27
        version: 0.0.27
      '@msgpack/msgpack':
        specifier: ^3.1.3
        version: 3.1.3
    devDependencies:
      deno:
        specifier: ^2.7.4
        version: 2.7.4

packages:

  '@bokuweb/zstd-wasm@0.0.27':
    resolution: {integrity: sha512-GDm2uOTK3ESjnYmSeLQifJnBsRCWajKLvN32D2ZcQaaCIJI/Hse9s74f7APXjHit95S10UImsRGkTsbwHmrtmg==}

  '@deno/darwin-arm64@2.7.4':
    resolution: {integrity: sha512-PmO7ZtaZWCcPMGOXCi2l6T9Y+ok8V5C4uQer13PWGhOpiicuAF37CSH41vVOu/Yfv8EtUy0oBkG38l1TcEcyGg==}
    cpu: [arm64]
    os: [darwin]

  '@deno/darwin-x64@2.7.4':
    resolution: {integrity: sha512-tYkk6ph2MlzqTJHpXt2U4mrRlnwJjF2ol2QmhjZAtKyIha2c1x5xMMGGJcHqljfZCJDV+fPTDsL11Dq0YSGLqA==}
    cpu: [x64]
    os: [darwin]

  '@deno/linux-arm64-glibc@2.7.4':
    resolution: {integrity: sha512-ni+3pPa/3wZwFrJkXutdK8TZsUHFt0kV2hNa6guyTRF5LTL1HzvIRnHmqUDmurLn09ZK+nhxGvEfGNIl8TQx5A==}
    cpu: [arm64]
    os: [linux]
    libc: [glibc]

  '@deno/linux-x64-glibc@2.7.4':
    resolution: {integrity: sha512-bhwwGHskOHbJMkvQYnEvLzzDKJ3iZCQD9331wBCI3eS6oiOMxqk0AxXfN5rxginCmRAa09SpIIIben7x7CHbBw==}
    cpu: [x64]
    os: [linux]
    libc: [glibc]

  '@deno/win32-arm64@2.7.4':
    resolution: {integrity: sha512-rGPkxGe/a/bT38vBnLxirP9FnLUUo8AMjhGGy4miOWWVxjhIMZkj9Q57Fzk0IHULSOiEVKgo2WNZMAc9XVuRlg==}
    cpu: [arm64]
    os: [win32]

  '@deno/win32-x64@2.7.4':
    resolution: {integrity: sha512-GUoOTDOqu38LMMJ35OQ/9K++D7HHcqUEaP3DybrHw2mGqoOtv88mV6y8l6iZyY/YjpfgadooGhFOO/j6Jv2D4w==}
    cpu: [x64]
    os: [win32]

  '@msgpack/msgpack@3.1.3':
    resolution: {integrity: sha512-47XIizs9XZXvuJgoaJUIE2lFoID8ugvc0jzSHP+Ptfk8nTbnR8g788wv48N03Kx0UkAv559HWRQ3yzOgzlRNUA==}
    engines: {node: '>= 18'}

  deno@2.7.4:
    resolution: {integrity: sha512-PuD97c34jTVecN85U4KiMtzxcS5U0RvryT3gpYoT5iW+GB5wOE149ntXNzaYDd9USE68/J8CsNORWSTdNEc03g==}
    hasBin: true

snapshots:

  '@bokuweb/zstd-wasm@0.0.27': {}

  '@deno/darwin-arm64@2.7.4':
    optional: true

  '@deno/darwin-x64@2.7.4':
    optional: true

  '@deno/linux-arm64-glibc@2.7.4':
    optional: true

  '@deno/linux-x64-glibc@2.7.4':
    optional: true

  '@deno/win32-arm64@2.7.4':
    optional: true

  '@deno/win32-x64@2.7.4':
    optional: true

  '@msgpack/msgpack@3.1.3': {}

  deno@2.7.4:
    optionalDependencies:
      '@deno/darwin-arm64': 2.7.4
      '@deno/darwin-x64': 2.7.4
      '@deno/linux-arm64-glibc': 2.7.4
      '@deno/linux-x64-glibc': 2.7.4
      '@deno/win32-arm64': 2.7.4
      '@deno/win32-x64': 2.7.4
